{
  "lockfileVersion": 1,
  "configVersion": 0,
  "workspaces": {
    "": {
      "name": "email",
      "dependencies": {
        "@clack/prompts": "^1.0.0-alpha.9",
        "html-to-text": "^9.0.5",
        "nodemailer": "^7.0.12",
        "picocolors": "^1.1.1",
      },
    },
  },
  "packages": {
    "@clack/core": ["@clack/core@1.0.0-alpha.7", "", { "dependencies": { "picocolors": "^1.0.0", "sisteransi": "^1.0.5" } }, "sha512-3vdh6Ar09D14rVxJZIm3VQJkU+ZOKKT5I5cC0cOVazy70CNyYYjiwRj9unwalhESndgxx6bGc/m6Hhs4EKF5XQ=="],

    "@clack/prompts": ["@clack/prompts@1.0.0-alpha.9", "", { "dependencies": { "@clack/core": "1.0.0-alpha.7", "picocolors": "^1.0.0", "sisteransi": "^1.0.5" } }, "sha512-sKs0UjiHFWvry4SiRfBi5Qnj0C/6AYx8aKkFPZQSuUZXgAram25ZDmhQmP7vj1aFyLpfHWtLQjWvOvcat0TOLg=="],

    "@selderee/plugin-htmlparser2": ["@selderee/plugin-htmlparser2@0.11.0", "", { "dependencies": { "domhandler": "^5.0.3", "selderee": "^0.11.0" } }, "sha512-P33hHGdldxGabLFjPPpaTxVolMrzrcegejx+0GxjrIb9Zv48D8yAIA/QTDR2dFl7Uz7urX8aX6+5bCZslr+gWQ=="],

    "deepmerge": ["deepmerge@4.3.1", "", {}, "sha512-3sUqbMEc77XqpdNO7FRyRog+eW3ph+GYCbj+rK+uYyRMuwsVy0rMiVtPn+QJlKFvWP/1PYpapqYn0Me2knFn+A=="],

    "dom-serializer": ["dom-serializer@2.0.0", "", { "dependencies": { "domelementtype": "^2.3.0", "domhandler": "^5.0.2", "entities": "^4.2.0" } }, "sha512-wIkAryiqt/nV5EQKqQpo3SToSOV9J0DnbJqwK7Wv/Trc92zIAYZ4FlMu+JPFW1DfGFt81ZTCGgDEabffXeLyJg=="],

    "domelementtype": ["domelementtype@2.3.0", "", {}, "sha512-OLETBj6w0OsagBwdXnPdN0cnMfF9opN69co+7ZrbfPGrdpPVNBUj02spi6B1N7wChLQiPn4CSH/zJvXw56gmHw=="],

    "domhandler": ["domhandler@5.0.3", "", { "dependencies": { "domelementtype": "^2.3.0" } }, "sha512-cgwlv/1iFQiFnU96XXgROh8xTeetsnJiDsTc7TYCLFd9+/WNkIqPTxiM/8pSd8VIrhXGTf1Ny1q1hquVqDJB5w=="],

    "domutils": ["domutils@3.2.2", "", { "dependencies": { "dom-serializer": "^2.0.0", "domelementtype": "^2.3.0", "domhandler": "^5.0.3" } }, "sha512-6kZKyUajlDuqlHKVX1w7gyslj9MPIXzIFiz/rGu35uC1wMi+kMhQwGhl4lt9unC9Vb9INnY9Z3/ZA3+FhASLaw=="],

    "entities": ["entities@4.5.0", "", {}, "sha512-V0hjH4dGPh9Ao5p0MoRY6BVqtwCjhz6vI5LT8AJ55H+4g9/4vbHx1I54fS0XuclLhDHArPQCiMjDxjaL8fPxhw=="],

    "html-to-text": ["html-to-text@9.0.5", "", { "dependencies": { "@selderee/plugin-htmlparser2": "^0.11.0", "deepmerge": "^4.3.1", "dom-serializer": "^2.0.0", "htmlparser2": "^8.0.2", "selderee": "^0.11.0" } }, "sha512-qY60FjREgVZL03vJU6IfMV4GDjGBIoOyvuFdpBDIX9yTlDw0TjxVBQp+P8NvpdIXNJvfWBTNul7fsAQJq2FNpg=="],

    "htmlparser2": ["htmlparser2@8.0.2", "", { "dependencies": { "domelementtype": "^2.3.0", "domhandler": "^5.0.3", "domutils": "^3.0.1", "entities": "^4.4.0" } }, "sha512-GYdjWKDkbRLkZ5geuHs5NY1puJ+PXwP7+fHPRz06Eirsb9ugf6d8kkXav6ADhcODhFFPMIXyxkxSuMf3D6NCFA=="],

    "leac": ["leac@0.6.0", "", {}, "sha512-y+SqErxb8h7nE/fiEX07jsbuhrpO9lL8eca7/Y1nuWV2moNlXhyd59iDGcRf6moVyDMbmTNzL40SUyrFU/yDpg=="],

    "nodemailer": ["nodemailer@7.0.12", "", {}, "sha512-H+rnK5bX2Pi/6ms3sN4/jRQvYSMltV6vqup/0SFOrxYYY/qoNvhXPlYq3e+Pm9RFJRwrMGbMIwi81M4dxpomhA=="],

    "parseley": ["parseley@0.12.1", "", { "dependencies": { "leac": "^0.6.0", "peberminta": "^0.9.0" } }, "sha512-e6qHKe3a9HWr0oMRVDTRhKce+bRO8VGQR3NyVwcjwrbhMmFCX9KszEV35+rn4AdilFAq9VPxP/Fe1wC9Qjd2lw=="],

    "peberminta": ["peberminta@0.9.0", "", {}, "sha512-XIxfHpEuSJbITd1H3EeQwpcZbTLHc+VVr8ANI9t5sit565tsI4/xK3KWTUFE2e6QiangUkh3B0jihzmGnNrRsQ=="],

    "picocolors": ["picocolors@1.1.1", "https://registry.npmmirror.com/picocolors/-/picocolors-1.1.1.tgz", {}, "sha512-xceH2snhtb5M9liqDsmEw56le376mTZkEX/jEb/RxNFyegNul7eNslCXP9FDj/Lcu0X8KEyMceP2ntpaHrDEVA=="],

    "selderee": ["selderee@0.11.0", "", { "dependencies": { "parseley": "^0.12.0" } }, "sha512-5TF+l7p4+OsnP8BCCvSyZiSPc4x4//p5uPwK8TCnVPJYRmU2aYKMpOXvw8zM5a5JvuuCGN1jmsMwuU2W02ukfA=="],

    "sisteransi": ["sisteransi@1.0.5", "", {}, "sha512-bLGGlR1QxBcynn2d5YmDX4MGjlZvy2MRBDRNHLJ8VI6l6+9FUiyTFNJ0IveOSP0bcXgVDPRcfGqA0pjaqUpfVg=="],
  }
}
